
Microsoft Visual Studio Solution File, Format Version 12.00
# Visual Studio Version 16
VisualStudioVersion = 16.0.30907.101
MinimumVisualStudioVersion = 10.0.40219.1
Project("{9A19103F-16F7-4668-BE54-9A1E7A4F7556}") = "Kavan", "Kavan\Kavan.csproj", "{0AC786A0-E61E-4739-825A-7302C21258F4}"
EndProject
Project("{9A19103F-16F7-4668-BE54-9A1E7A4F7556}") = "Kavan.Entity", "Kavan.Entity\Kavan.Entity.csproj", "{349F8010-6F2B-40CE-9B0C-39A4444CB14B}"
EndProject
Project("{9A19103F-16F7-4668-BE54-9A1E7A4F7556}") = "Kavan.Persistence", "Kavan.Persistence\Kavan.Persistence.csproj", "{28BDE17C-F156-438C-BEFB-62A5887593FB}"
EndProject
Project("{9A19103F-16F7-4668-BE54-9A1E7A4F7556}") = "Kavan.Service", "Kavan.Service\Kavan.Service.csproj", "{313934CF-4892-436B-A340-C026EFE811ED}"
EndProject
Project("{FAE04EC0-301F-11D3-BF4B-00C04F79EFBC}") = "Kavan.Common", "Kavan.Common\Kavan.Common.csproj", "{EBFCF130-A144-4E26-A52C-E771757FC22B}"
EndProject
Global
	GlobalSection(SolutionConfigurationPlatforms) = preSolution
		Debug|Any CPU = Debug|Any CPU
		Release|Any CPU = Release|Any CPU
	EndGlobalSection
	GlobalSection(ProjectConfigurationPlatforms) = postSolution
		{0AC786A0-E61E-4739-825A-7302C21258F4}.Debug|Any CPU.ActiveCfg = Debug|Any CPU
		{0AC786A0-E61E-4739-825A-7302C21258F4}.Debug|Any CPU.Build.0 = Debug|Any CPU
		{0AC786A0-E61E-4739-825A-7302C21258F4}.Release|Any CPU.ActiveCfg = Release|Any CPU
		{0AC786A0-E61E-4739-825A-7302C21258F4}.Release|Any CPU.Build.0 = Release|Any CPU
		{349F8010-6F2B-40CE-9B0C-39A4444CB14B}.Debug|Any CPU.ActiveCfg = Debug|Any CPU
		{349F8010-6F2B-40CE-9B0C-39A4444CB14B}.Debug|Any CPU.Build.0 = Debug|Any CPU
		{349F8010-6F2B-40CE-9B0C-39A4444CB14B}.Release|Any CPU.ActiveCfg = Release|Any CPU
		{349F8010-6F2B-40CE-9B0C-39A4444CB14B}.Release|Any CPU.Build.0 = Release|Any CPU
		{28BDE17C-F156-438C-BEFB-62A5887593FB}.Debug|Any CPU.ActiveCfg = Debug|Any CPU
		{28BDE17C-F156-438C-BEFB-62A5887593FB}.Debug|Any CPU.Build.0 = Debug|Any CPU
		{28BDE17C-F156-438C-BEFB-62A5887593FB}.Release|Any CPU.ActiveCfg = Release|Any CPU
		{28BDE17C-F156-438C-BEFB-62A5887593FB}.Release|Any CPU.Build.0 = Release|Any CPU
		{313934CF-4892-436B-A340-C026EFE811ED}.Debug|Any CPU.ActiveCfg = Debug|Any CPU
		{313934CF-4892-436B-A340-C026EFE811ED}.Debug|Any CPU.Build.0 = Debug|Any CPU
		{313934CF-4892-436B-A340-C026EFE811ED}.Release|Any CPU.ActiveCfg = Release|Any CPU
		{313934CF-4892-436B-A340-C026EFE811ED}.Release|Any CPU.Build.0 = Release|Any CPU
		{EBFCF130-A144-4E26-A52C-E771757FC22B}.Debug|Any CPU.ActiveCfg = Debug|Any CPU
		{EBFCF130-A144-4E26-A52C-E771757FC22B}.Debug|Any CPU.Build.0 = Debug|Any CPU
		{EBFCF130-A144-4E26-A52C-E771757FC22B}.Release|Any CPU.ActiveCfg = Release|Any CPU
		{EBFCF130-A144-4E26-A52C-E771757FC22B}.Release|Any CPU.Build.0 = Release|Any CPU
	EndGlobalSection
	GlobalSection(SolutionProperties) = preSolution
		HideSolutionNode = FALSE
	EndGlobalSection
	GlobalSection(ExtensibilityGlobals) = postSolution
		SolutionGuid = {77E42E60-7274-4A45-AFD6-D21EEAE98633}
	EndGlobalSection
EndGlobal
